// !$*UTF8*$!
{
	archiveVersion = 1;
	classes = {
	};
	objectVersion = 46;
	objects = {

/* Begin PBXBuildFile section */
		91098E18199374CD00404D09 /* Foundation.framework in Frameworks */ = {isa = PBXBuildFile; fileRef = 91098E17199374CD00404D09 /* Foundation.framework */; };
		91098E1A199374CD00404D09 /* CoreGraphics.framework in Frameworks */ = {isa = PBXBuildFile; fileRef = 91098E19199374CD00404D09 /* CoreGraphics.framework */; };
		91098E1C199374CD00404D09 /* UIKit.framework in Frameworks */ = {isa = PBXBuildFile; fileRef = 91098E1B199374CD00404D09 /* UIKit.framework */; };
		91098E22199374CD00404D09 /* InfoPlist.strings in Resources */ = {isa = PBXBuildFile; fileRef = 91098E20199374CD00404D09 /* InfoPlist.strings */; };
		91098E24199374CD00404D09 /* main.m in Sources */ = {isa = PBXBuildFile; fileRef = 91098E23199374CD00404D09 /* main.m */; };
		91098E28199374CD00404D09 /* AppDelegate.m in Sources */ = {isa = PBXBuildFile; fileRef = 91098E27199374CD00404D09 /* AppDelegate.m */; };
		91098E2B199374CD00404D09 /* Main.storyboard in Resources */ = {isa = PBXBuildFile; fileRef = 91098E29199374CD00404D09 /* Main.storyboard */; };
		91098E2E199374CD00404D09 /* ViewController.m in Sources */ = {isa = PBXBuildFile; fileRef = 91098E2D199374CD00404D09 /* ViewController.m */; };
		91098E30199374CD00404D09 /* Images.xcassets in Resources */ = {isa = PBXBuildFile; fileRef = 91098E2F199374CD00404D09 /* Images.xcassets */; };
		91098E37199374CD00404D09 /* XCTest.framework in Frameworks */ = {isa = PBXBuildFile; fileRef = 91098E36199374CD00404D09 /* XCTest.framework */; };
		91098E38199374CD00404D09 /* Foundation.framework in Frameworks */ = {isa = PBXBuildFile; fileRef = 91098E17199374CD00404D09 /* Foundation.framework */; };
		91098E39199374CD00404D09 /* UIKit.framework in Frameworks */ = {isa = PBXBuildFile; fileRef = 91098E1B199374CD00404D09 /* UIKit.framework */; };
		91098E41199374CD00404D09 /* InfoPlist.strings in Resources */ = {isa = PBXBuildFile; fileRef = 91098E3F199374CD00404D09 /* InfoPlist.strings */; };
		91098E43199374CD00404D09 /* TableView_SwipeTableViewCellTests.m in Sources */ = {isa = PBXBuildFile; fileRef = 91098E42199374CD00404D09 /* TableView_SwipeTableViewCellTests.m */; };
		91098E4E199376A200404D09 /* SwipeForOptionsCell.m in Sources */ = {isa = PBXBuildFile; fileRef = 91098E4D199376A200404D09 /* SwipeForOptionsCell.m */; };
/* End PBXBuildFile section */

/* Begin PBXContainerItemProxy section */
		91098E3A199374CD00404D09 /* PBXContainerItemProxy */ = {
			isa = PBXContainerItemProxy;
			containerPortal = 91098E0C199374CD00404D09 /* Project object */;
			proxyType = 1;
			remoteGlobalIDString = 91098E13199374CD00404D09;
			remoteInfo = TableView_SwipeTableViewCell;
		};
/* End PBXContainerItemProxy section */

/* Begin PBXFileReference section */
		91098E14199374CD00404D09 /* TableView_SwipeTableViewCell.app */ = {isa = PBXFileReference; explicitFileType = wrapper.application; includeInIndex = 0; path = TableView_SwipeTableViewCell.app; sourceTree = BUILT_PRODUCTS_DIR; };
		91098E17199374CD00404D09 /* Foundation.framework */ = {isa = PBXFileReference; lastKnownFileType = wrapper.framework; name = Foundation.framework; path = System/Library/Frameworks/Foundation.framework; sourceTree = SDKROOT; };
		91098E19199374CD00404D09 /* CoreGraphics.framework */ = {isa = PBXFileReference; lastKnownFileType = wrapper.framework; name = CoreGraphics.framework; path = System/Library/Frameworks/CoreGraphics.framework; sourceTree = SDKROOT; };
		91098E1B199374CD00404D09 /* UIKit.framework */ = {isa = PBXFileReference; lastKnownFileType = wrapper.framework; name = UIKit.framework; path = System/Library/Frameworks/UIKit.framework; sourceTree = SDKROOT; };
		91098E1F199374CD00404D09 /* TableView_SwipeTableViewCell-Info.plist */ = {isa = PBXFileReference; lastKnownFileType = text.plist.xml; path = "TableView_SwipeTableViewCell-Info.plist"; sourceTree = "<group>"; };
		91098E21199374CD00404D09 /* en */ = {isa = PBXFileReference; lastKnownFileType = text.plist.strings; name = en; path = en.lproj/InfoPlist.strings; sourceTree = "<group>"; };
		91098E23199374CD00404D09 /* main.m */ = {isa = PBXFileReference; lastKnownFileType = sourcecode.c.objc; path = main.m; sourceTree = "<group>"; };
		91098E25199374CD00404D09 /* TableView_SwipeTableViewCell-Prefix.pch */ = {isa = PBXFileReference; lastKnownFileType = sourcecode.c.h; path = "TableView_SwipeTableViewCell-Prefix.pch"; sourceTree = "<group>"; };
		91098E26199374CD00404D09 /* AppDelegate.h */ = {isa = PBXFileReference; lastKnownFileType = sourcecode.c.h; path = AppDelegate.h; sourceTree = "<group>"; };
		91098E27199374CD00404D09 /* AppDelegate.m */ = {isa = PBXFileReference; lastKnownFileType = sourcecode.c.objc; path = AppDelegate.m; sourceTree = "<group>"; };
		91098E2A199374CD00404D09 /* Base */ = {isa = PBXFileReference; lastKnownFileType = file.storyboard; name = Base; path = Base.lproj/Main.storyboard; sourceTree = "<group>"; };
		91098E2C199374CD00404D09 /* ViewController.h */ = {isa = PBXFileReference; lastKnownFileType = sourcecode.c.h; path = ViewController.h; sourceTree = "<group>"; };
		91098E2D199374CD00404D09 /* ViewController.m */ = {isa = PBXFileReference; lastKnownFileType = sourcecode.c.objc; path = ViewController.m; sourceTree = "<group>"; };
		91098E2F199374CD00404D09 /* Images.xcassets */ = {isa = PBXFileReference; lastKnownFileType = folder.assetcatalog; path = Images.xcassets; sourceTree = "<group>"; };
		91098E35199374CD00404D09 /* TableView_SwipeTableViewCellTests.xctest */ = {isa = PBXFileReference; explicitFileType = wrapper.cfbundle; includeInIndex = 0; path = TableView_SwipeTableViewCellTests.xctest; sourceTree = BUILT_PRODUCTS_DIR; };
		91098E36199374CD00404D09 /* XCTest.framework */ = {isa = PBXFileReference; lastKnownFileType = wrapper.framework; name = XCTest.framework; path = Library/Frameworks/XCTest.framework; sourceTree = DEVELOPER_DIR; };
		91098E3E199374CD00404D09 /* TableView_SwipeTableViewCellTests-Info.plist */ = {isa = PBXFileReference; lastKnownFileType = text.plist.xml; path = "TableView_SwipeTableViewCellTests-Info.plist"; sourceTree = "<group>"; };
		91098E40199374CD00404D09 /* en */ = {isa = PBXFileReference; lastKnownFileType = text.plist.strings; name = en; path = en.lproj/InfoPlist.strings; sourceTree = "<group>"; };
		91098E42199374CD00404D09 /* TableView_SwipeTableViewCellTests.m */ = {isa = PBXFileReference; lastKnownFileType = sourcecode.c.objc; path = TableView_SwipeTableViewCellTests.m; sourceTree = "<group>"; };
		91098E4C199376A200404D09 /* SwipeForOptionsCell.h */ = {isa = PBXFileReference; fileEncoding = 4; lastKnownFileType = sourcecode.c.h; path = SwipeForOptionsCell.h; sourceTree = "<group>"; };
		91098E4D199376A200404D09 /* SwipeForOptionsCell.m */ = {isa = PBXFileReference; fileEncoding = 4; lastKnownFileType = sourcecode.c.objc; path = SwipeForOptionsCell.m; sourceTree = "<group>"; };
/* End PBXFileReference section */

/* Begin PBXFrameworksBuildPhase section */
		91098E11199374CD00404D09 /* Frameworks */ = {
			isa = PBXFrameworksBuildPhase;
			buildActionMask = 2147483647;
			files = (
				91098E1A199374CD00404D09 /* CoreGraphics.framework in Frameworks */,
				91098E1C199374CD00404D09 /* UIKit.framework in Frameworks */,
				91098E18199374CD00404D09 /* Foundation.framework in Frameworks */,
			);
			runOnlyForDeploymentPostprocessing = 0;
		};
		91098E32199374CD00404D09 /* Frameworks */ = {
			isa = PBXFrameworksBuildPhase;
			buildActionMask = 2147483647;
			files = (
				91098E37199374CD00404D09 /* XCTest.framework in Frameworks */,
				91098E39199374CD00404D09 /* UIKit.framework in Frameworks */,
				91098E38199374CD00404D09 /* Foundation.framework in Frameworks */,
			);
			runOnlyForDeploymentPostprocessing = 0;
		};
/* End PBXFrameworksBuildPhase section */

/* Begin PBXGroup section */
		91098E0B199374CD00404D09 = {
			isa = PBXGroup;
			children = (
				91098E1D199374CD00404D09 /* TableView_SwipeTableViewCell */,
				91098E3C199374CD00404D09 /* TableView_SwipeTableViewCellTests */,
				91098E16199374CD00404D09 /* Frameworks */,
				91098E15199374CD00404D09 /* Products */,
			);
			sourceTree = "<group>";
		};
		91098E15199374CD00404D09 /* Products */ = {
			isa = PBXGroup;
			children = (
				91098E14199374CD00404D09 /* TableView_SwipeTableViewCell.app */,
				91098E35199374CD00404D09 /* TableView_SwipeTableViewCellTests.xctest */,
			);
			name = Products;
			sourceTree = "<group>";
		};
		91098E16199374CD00404D09 /* Frameworks */ = {
			isa = PBXGroup;
			children = (
				91098E17199374CD00404D09 /* Foundation.framework */,
				91098E19199374CD00404D09 /* CoreGraphics.framework */,
				91098E1B199374CD00404D09 /* UIKit.framework */,
				91098E36199374CD00404D09 /* XCTest.framework */,
			);
			name = Frameworks;
			sourceTree = "<group>";
		};
		91098E1D199374CD00404D09 /* TableView_SwipeTableViewCell */ = {
			isa = PBXGroup;
			children = (
				91098E26199374CD00404D09 /* AppDelegate.h */,
				91098E27199374CD00404D09 /* AppDelegate.m */,
				91098E29199374CD00404D09 /* Main.storyboard */,
				91098E2C199374CD00404D09 /* ViewController.h */,
				91098E2D199374CD00404D09 /* ViewController.m */,
				91098E4C199376A200404D09 /* SwipeForOptionsCell.h */,
				91098E4D199376A200404D09 /* SwipeForOptionsCell.m */,
				91098E2F199374CD00404D09 /* Images.xcassets */,
				91098E1E199374CD00404D09 /* Supporting Files */,
			);
			path = TableView_SwipeTableViewCell;
			sourceTree = "<group>";
		};
		91098E1E199374CD00404D09 /* Supporting Files */ = {
			isa = PBXGroup;
			children = (
				91098E1F199374CD00404D09 /* TableView_SwipeTableViewCell-Info.plist */,
				91098E20199374CD00404D09 /* InfoPlist.strings */,
				91098E23199374CD00404D09 /* main.m */,
				91098E25199374CD00404D09 /* TableView_SwipeTableViewCell-Prefix.pch */,
			);
			name = "Supporting Files";
			sourceTree = "<group>";
		};
		91098E3C199374CD00404D09 /* TableView_SwipeTableViewCellTests */ = {
			isa = PBXGroup;
			children = (
				91098E42199374CD00404D09 /* TableView_SwipeTableViewCellTests.m */,
				91098E3D199374CD00404D09 /* Supporting Files */,
			);
			path = TableView_SwipeTableViewCellTests;
			sourceTree = "<group>";
		};
		91098E3D199374CD00404D09 /* Supporting Files */ = {
			isa = PBXGroup;
			children = (
				91098E3E199374CD00404D09 /* TableView_SwipeTableViewCellTests-Info.plist */,
				91098E3F199374CD00404D09 /* InfoPlist.strings */,
			);
			name = "Supporting Files";
			sourceTree = "<group>";
		};
/* End PBXGroup section */

/* Begin PBXNativeTarget section */
		91098E13199374CD00404D09 /* TableView_SwipeTableViewCell */ = {
			isa = PBXNativeTarget;
			buildConfigurationList = 91098E46199374CD00404D09 /* Build configuration list for PBXNativeTarget "TableView_SwipeTableViewCell" */;
			buildPhases = (
				91098E10199374CD00404D09 /* Sources */,
				91098E11199374CD00404D09 /* Frameworks */,
				91098E12199374CD00404D09 /* Resources */,
			);
			buildRules = (
			);
			dependencies = (
			);
			name = TableView_SwipeTableViewCell;
			productName = TableView_SwipeTableViewCell;
			productReference = 91098E14199374CD00404D09 /* TableView_SwipeTableViewCell.app */;
			productType = "com.apple.product-type.application";
		};
		91098E34199374CD00404D09 /* TableView_SwipeTableViewCellTests */ = {
			isa = PBXNativeTarget;
			buildConfigurationList = 91098E49199374CD00404D09 /* Build configuration list for PBXNativeTarget "TableView_SwipeTableViewCellTests" */;
			buildPhases = (
				91098E31199374CD00404D09 /* Sources */,
				91098E32199374CD00404D09 /* Frameworks */,
				91098E33199374CD00404D09 /* Resources */,
			);
			buildRules = (
			);
			dependencies = (
				91098E3B199374CD00404D09 /* PBXTargetDependency */,
			);
			name = TableView_SwipeTableViewCellTests;
			productName = TableView_SwipeTableViewCellTests;
			productReference = 91098E35199374CD00404D09 /* TableView_SwipeTableViewCellTests.xctest */;
			productType = "com.apple.product-type.bundle.unit-test";
		};
/* End PBXNativeTarget section */

/* Begin PBXProject section */
		91098E0C199374CD00404D09 /* Project object */ = {
			isa = PBXProject;
			attributes = {
				LastUpgradeCheck = 0510;
				ORGANIZATIONNAME = kevin;
				TargetAttributes = {
					91098E34199374CD00404D09 = {
						TestTargetID = 91098E13199374CD00404D09;
					};
				};
			};
			buildConfigurationList = 91098E0F199374CD00404D09 /* Build configuration list for PBXProject "TableView_SwipeTableViewCell" */;
			compatibilityVersion = "Xcode 3.2";
			developmentRegion = English;
			hasScannedForEncodings = 0;
			knownRegions = (
				en,
				Base,
			);
			mainGroup = 91098E0B199374CD00404D09;
			productRefGroup = 91098E15199374CD00404D09 /* Products */;
			projectDirPath = "";
			projectRoot = "";
			targets = (
				91098E13199374CD00404D09 /* TableView_SwipeTableViewCell */,
				91098E34199374CD00404D09 /* TableView_SwipeTableViewCellTests */,
			);
		};
/* End PBXProject section */

/* Begin PBXResourcesBuildPhase section */
		91098E12199374CD00404D09 /* Resources */ = {
			isa = PBXResourcesBuildPhase;
			buildActionMask = 2147483647;
			files = (
				91098E30199374CD00404D09 /* Images.xcassets in Resources */,
				91098E22199374CD00404D09 /* InfoPlist.strings in Resources */,
				91098E2B199374CD00404D09 /* Main.storyboard in Resources */,
			);
			runOnlyForDeploymentPostprocessing = 0;
		};
		91098E33199374CD00404D09 /* Resources */ = {
			isa = PBXResourcesBuildPhase;
			buildActionMask = 2147483647;
			files = (
				91098E41199374CD00404D09 /* InfoPlist.strings in Resources */,
			);
			runOnlyForDeploymentPostprocessing = 0;
		};
/* End PBXResourcesBuildPhase section */

/* Begin PBXSourcesBuildPhase section */
		91098E10199374CD00404D09 /* Sources */ = {
			isa = PBXSourcesBuildPhase;
			buildActionMask = 2147483647;
			files = (
				91098E2E199374CD00404D09 /* ViewController.m in Sources */,
				91098E28199374CD00404D09 /* AppDelegate.m in Sources */,
				91098E24199374CD00404D09 /* main.m in Sources */,
				91098E4E199376A200404D09 /* SwipeForOptionsCell.m in Sources */,
			);
			runOnlyForDeploymentPostprocessing = 0;
		};
		91098E31199374CD00404D09 /* Sources */ = {
			isa = PBXSourcesBuildPhase;
			buildActionMask = 2147483647;
			files = (
				91098E43199374CD00404D09 /* TableView_SwipeTableViewCellTests.m in Sources */,
			);
			runOnlyForDeploymentPostprocessing = 0;
		};
/* End PBXSourcesBuildPhase section */

/* Begin PBXTargetDependency section */
		91098E3B199374CD00404D09 /* PBXTargetDependency */ = {
			isa = PBXTargetDependency;
			target = 91098E13199374CD00404D09 /* TableView_SwipeTableViewCell */;
			targetProxy = 91098E3A199374CD00404D09 /* PBXContainerItemProxy */;
		};
/* End PBXTargetDependency section */

/* Begin PBXVariantGroup section */
		91098E20199374CD00404D09 /* InfoPlist.strings */ = {
			isa = PBXVariantGroup;
			children = (
				91098E21199374CD00404D09 /* en */,
			);
			name = InfoPlist.strings;
			sourceTree = "<group>";
		};
		91098E29199374CD00404D09 /* Main.storyboard */ = {
			isa = PBXVariantGroup;
			children = (
				91098E2A199374CD00404D09 /* Base */,
			);
			name = Main.storyboard;
			sourceTree = "<group>";
		};
		91098E3F199374CD00404D09 /* InfoPlist.strings */ = {
			isa = PBXVariantGroup;
			children = (
				91098E40199374CD00404D09 /* en */,
			);
			name = InfoPlist.strings;
			sourceTree = "<group>";
		};
/* End PBXVariantGroup section */

/* Begin XCBuildConfiguration section */
		91098E44199374CD00404D09 /* Debug */ = {
			isa = XCBuildConfiguration;
			buildSettings = {
				ALWAYS_SEARCH_USER_PATHS = NO;
				CLANG_CXX_LANGUAGE_STANDARD = "gnu++0x";
				CLANG_CXX_LIBRARY = "libc++";
				CLANG_ENABLE_MODULES = YES;
				CLANG_ENABLE_OBJC_ARC = YES;
				CLANG_WARN_BOOL_CONVERSION = YES;
				CLANG_WARN_CONSTANT_CONVERSION = YES;
				CLANG_WARN_DIRECT_OBJC_ISA_USAGE = YES_ERROR;
				CLANG_WARN_EMPTY_BODY = YES;
				CLANG_WARN_ENUM_CONVERSION = YES;
				CLANG_WARN_INT_CONVERSION = YES;
				CLANG_WARN_OBJC_ROOT_CLASS = YES_ERROR;
				CLANG_WARN__DUPLICATE_METHOD_MATCH = YES;
				"CODE_SIGN_IDENTITY[sdk=iphoneos*]" = "iPhone Developer";
				COPY_PHASE_STRIP = NO;
				GCC_C_LANGUAGE_STANDARD = gnu99;
				GCC_DYNAMIC_NO_PIC = NO;
				GCC_OPTIMIZATION_LEVEL = 0;
				GCC_PREPROCESSOR_DEFINITIONS = (
					"DEBUG=1",
					"$(inherited)",
				);
				GCC_SYMBOLS_PRIVATE_EXTERN = NO;
				GCC_WARN_64_TO_32_BIT_CONVERSION = YES;
				GCC_WARN_ABOUT_RETURN_TYPE = YES_ERROR;
				GCC_WARN_UNDECLARED_SELECTOR = YES;
				GCC_WARN_UNINITIALIZED_AUTOS = YES_AGGRESSIVE;
				GCC_WARN_UNUSED_FUNCTION = YES;
				GCC_WARN_UNUSED_VARIABLE = YES;
				IPHONEOS_DEPLOYMENT_TARGET = 7.1;
				ONLY_ACTIVE_ARCH = YES;
				SDKROOT = iphoneos;
			};
			name = Debug;
		};
		91098E45199374CD00404D09 /* Release */ = {
			isa = XCBuildConfiguration;
			buildSettings = {
				ALWAYS_SEARCH_USER_PATHS = NO;
				CLANG_CXX_LANGUAGE_STANDARD = "gnu++0x";
				CLANG_CXX_LIBRARY = "libc++";
				CLANG_ENABLE_MODULES = YES;
				CLANG_ENABLE_OBJC_ARC = YES;
				CLANG_WARN_BOOL_CONVERSION = YES;
				CLANG_WARN_CONSTANT_CONVERSION = YES;
				CLANG_WARN_DIRECT_OBJC_ISA_USAGE = YES_ERROR;
				CLANG_WARN_EMPTY_BODY = YES;
				CLANG_WARN_ENUM_CONVERSION = YES;
				CLANG_WARN_INT_CONVERSION = YES;
				CLANG_WARN_OBJC_ROOT_CLASS = YES_ERROR;
				CLANG_WARN__DUPLICATE_METHOD_MATCH = YES;
				"CODE_SIGN_IDENTITY[sdk=iphoneos*]" = "iPhone Developer";
				COPY_PHASE_STRIP = YES;
				ENABLE_NS_ASSERTIONS = NO;
				GCC_C_LANGUAGE_STANDARD = gnu99;
				GCC_WARN_64_TO_32_BIT_CONVERSION = YES;
				GCC_WARN_ABOUT_RETURN_TYPE = YES_ERROR;
				GCC_WARN_UNDECLARED_SELECTOR = YES;
				GCC_WARN_UNINITIALIZED_AUTOS = YES_AGGRESSIVE;
				GCC_WARN_UNUSED_FUNCTION = YES;
				GCC_WARN_UNUSED_VARIABLE = YES;
				IPHONEOS_DEPLOYMENT_TARGET = 7.1;
				SDKROOT = iphoneos;
				VALIDATE_PRODUCT = YES;
			};
			name = Release;
		};
		91098E47199374CD00404D09 /* Debug */ = {
			isa = XCBuildConfiguration;
			buildSettings = {
				ASSETCATALOG_COMPILER_APPICON_NAME = AppIcon;
				ASSETCATALOG_COMPILER_LAUNCHIMAGE_NAME = LaunchImage;
				GCC_PRECOMPILE_PREFIX_HEADER = YES;
				GCC_PREFIX_HEADER = "TableView_SwipeTableViewCell/TableView_SwipeTableViewCell-Prefix.pch";
				INFOPLIST_FILE = "TableView_SwipeTableViewCell/TableView_SwipeTableViewCell-Info.plist";
				PRODUCT_NAME = "$(TARGET_NAME)";
				WRAPPER_EXTENSION = app;
			};
			name = Debug;
		};
		91098E48199374CD00404D09 /* Release */ = {
			isa = XCBuildConfiguration;
			buildSettings = {
				ASSETCATALOG_COMPILER_APPICON_NAME = AppIcon;
				ASSETCATALOG_COMPILER_LAUNCHIMAGE_NAME = LaunchImage;
				GCC_PRECOMPILE_PREFIX_HEADER = YES;
				GCC_PREFIX_HEADER = "TableView_SwipeTableViewCell/TableView_SwipeTableViewCell-Prefix.pch";
				INFOPLIST_FILE = "TableView_SwipeTableViewCell/TableView_SwipeTableViewCell-Info.plist";
				PRODUCT_NAME = "$(TARGET_NAME)";
				WRAPPER_EXTENSION = app;
			};
			name = Release;
		};
		91098E4A199374CD00404D09 /* Debug */ = {
			isa = XCBuildConfiguration;
			buildSettings = {
				BUNDLE_LOADER = "$(BUILT_PRODUCTS_DIR)/TableView_SwipeTableViewCell.app/TableView_SwipeTableViewCell";
				FRAMEWORK_SEARCH_PATHS = (
					"$(SDKROOT)/Developer/Library/Frameworks",
					"$(inherited)",
					"$(DEVELOPER_FRAMEWORKS_DIR)",
				);
				GCC_PRECOMPILE_PREFIX_HEADER = YES;
				GCC_PREFIX_HEADER = "TableView_SwipeTableViewCell/TableView_SwipeTableViewCell-Prefix.pch";
				GCC_PREPROCESSOR_DEFINITIONS = (
					"DEBUG=1",
					"$(inherited)",
				);
				INFOPLIST_FILE = "TableView_SwipeTableViewCellTests/TableView_SwipeTableViewCellTests-Info.plist";
				PRODUCT_NAME = "$(TARGET_NAME)";
				TEST_HOST = "$(BUNDLE_LOADER)";
				WRAPPER_EXTENSION = xctest;
			};
			name = Debug;
		};
		91098E4B199374CD00404D09 /* Release */ = {
			isa = XCBuildConfiguration;
			buildSettings = {
				BUNDLE_LOADER = "$(BUILT_PRODUCTS_DIR)/TableView_SwipeTableViewCell.app/TableView_SwipeTableViewCell";
				FRAMEWORK_SEARCH_PATHS = (
					"$(SDKROOT)/Developer/Library/Frameworks",
					"$(inherited)",
					"$(DEVELOPER_FRAMEWORKS_DIR)",
				);
				GCC_PRECOMPILE_PREFIX_HEADER = YES;
				GCC_PREFIX_HEADER = "TableView_SwipeTableViewCell/TableView_SwipeTableViewCell-Prefix.pch";
				INFOPLIST_FILE = "TableView_SwipeTableViewCellTests/TableView_SwipeTableViewCellTests-Info.plist";
				PRODUCT_NAME = "$(TARGET_NAME)";
				TEST_HOST = "$(BUNDLE_LOADER)";
				WRAPPER_EXTENSION = xctest;
			};
			name = Release;
		};
/* End XCBuildConfiguration section */

/* Begin XCConfigurationList section */
		91098E0F199374CD00404D09 /* Build configuration list for PBXProject "TableView_SwipeTableViewCell" */ = {
			isa = XCConfigurationList;
			buildConfigurations = (
				91098E44199374CD00404D09 /* Debug */,
				91098E45199374CD00404D09 /* Release */,
			);
			defaultConfigurationIsVisible = 0;
			defaultConfigurationName = Release;
		};
		91098E46199374CD00404D09 /* Build configuration list for PBXNativeTarget "TableView_SwipeTableViewCell" */ = {
			isa = XCConfigurationList;
			buildConfigurations = (
				91098E47199374CD00404D09 /* Debug */,
				91098E48199374CD00404D09 /* Release */,
			);
			defaultConfigurationIsVisible = 0;
		};
		91098E49199374CD00404D09 /* Build configuration list for PBXNativeTarget "TableView_SwipeTableViewCellTests" */ = {
			isa = XCConfigurationList;
			buildConfigurations = (
				91098E4A199374CD00404D09 /* Debug */,
				91098E4B199374CD00404D09 /* Release */,
			);
			defaultConfigurationIsVisible = 0;
		};
/* End XCConfigurationList section */
	};
	rootObject = 91098E0C199374CD00404D09 /* Project object */;
}
